
Microsoft Visual Studio Solution File, Format Version 12.00
# Visual Studio Version 17
VisualStudioVersion = 17.14.36623.8
MinimumVisualStudioVersion = 10.0.40219.1
Project("{2150E333-8FDC-42A3-9474-1A3956D46DE8}") = "Chapter00", "Chapter00", "{DDB4EF12-CC4E-5E88-E6FC-71A802F4DE97}"
EndProject
Project("{FAE04EC0-301F-11D3-BF4B-00C04F79EFBC}") = "Sample0416", "Chapter00\Sample0416\Sample0416.csproj", "{A66E3D30-295C-44FE-9FA4-2C92C3E1937C}"
EndProject
Project("{FAE04EC0-301F-11D3-BF4B-00C04F79EFBC}") = "Sample0413", "Chapter00\Sample0413\Sample0413\Sample0413.csproj", "{EB11C1AF-3BBE-9D8B-B13B-CEF382F22312}"
EndProject
Project("{2150E333-8FDC-42A3-9474-1A3956D46DE8}") = "Chapter01", "Chapter01", "{9E841E09-FA63-45CB-816A-CE5560038858}"
EndProject
Project("{2150E333-8FDC-42A3-9474-1A3956D46DE8}") = "Chapter02", "Chapter02", "{747B6AEE-D122-4144-98EE-23A6B470AE93}"
EndProject
Project("{2150E333-8FDC-42A3-9474-1A3956D46DE8}") = "距離換算プログラム", "距離換算プログラム", "{437612B3-A4C0-4BE2-8EFA-C114174A2E81}"
EndProject
Project("{FAE04EC0-301F-11D3-BF4B-00C04F79EFBC}") = "DistanceConverter", "Chapter02\距離換算プログラム\DistanceConverter\DistanceConverter.csproj", "{0028EC9E-C059-455D-A2A5-562F51CAFC38}"
EndProject
Project("{2150E333-8FDC-42A3-9474-1A3956D46DE8}") = "Chapter04", "Chapter04", "{AFFAF1BD-F8AE-4B60-9E79-C20BF8F5C771}"
EndProject
Project("{2150E333-8FDC-42A3-9474-1A3956D46DE8}") = "P108_文字列を数値に変換する", "P108_文字列を数値に変換する", "{37E688B2-2E57-4BD4-A254-C273F4FB788F}"
EndProject
Project("{FAE04EC0-301F-11D3-BF4B-00C04F79EFBC}") = "Code4_36", "Chapter04\文字列を数値に変換する\Code4_36\Code4_36.csproj", "{BCA8D509-52F6-4D41-944D-E18815535EF7}"
EndProject
Project("{2150E333-8FDC-42A3-9474-1A3956D46DE8}") = "売り上げ集計プログラム", "売り上げ集計プログラム", "{B6B0F084-F280-4752-9F85-06EAE874ACC1}"
EndProject
Project("{FAE04EC0-301F-11D3-BF4B-00C04F79EFBC}") = "SalesCalculator", "Chapter02\売り上げ集計プログラム\SalesCalculator\SalesCalculator.csproj", "{12B7E09E-9475-E8B4-3992-D8EDE30920DA}"
EndProject
Global
	GlobalSection(SolutionConfigurationPlatforms) = preSolution
		Debug|Any CPU = Debug|Any CPU
		Release|Any CPU = Release|Any CPU
	EndGlobalSection
	GlobalSection(ProjectConfigurationPlatforms) = postSolution
		{A66E3D30-295C-44FE-9FA4-2C92C3E1937C}.Debug|Any CPU.ActiveCfg = Debug|Any CPU
		{A66E3D30-295C-44FE-9FA4-2C92C3E1937C}.Debug|Any CPU.Build.0 = Debug|Any CPU
		{A66E3D30-295C-44FE-9FA4-2C92C3E1937C}.Release|Any CPU.ActiveCfg = Release|Any CPU
		{A66E3D30-295C-44FE-9FA4-2C92C3E1937C}.Release|Any CPU.Build.0 = Release|Any CPU
		{EB11C1AF-3BBE-9D8B-B13B-CEF382F22312}.Debug|Any CPU.ActiveCfg = Debug|Any CPU
		{EB11C1AF-3BBE-9D8B-B13B-CEF382F22312}.Debug|Any CPU.Build.0 = Debug|Any CPU
		{EB11C1AF-3BBE-9D8B-B13B-CEF382F22312}.Release|Any CPU.ActiveCfg = Release|Any CPU
		{EB11C1AF-3BBE-9D8B-B13B-CEF382F22312}.Release|Any CPU.Build.0 = Release|Any CPU
		{0028EC9E-C059-455D-A2A5-562F51CAFC38}.Debug|Any CPU.ActiveCfg = Debug|Any CPU
		{0028EC9E-C059-455D-A2A5-562F51CAFC38}.Debug|Any CPU.Build.0 = Debug|Any CPU
		{0028EC9E-C059-455D-A2A5-562F51CAFC38}.Release|Any CPU.ActiveCfg = Release|Any CPU
		{0028EC9E-C059-455D-A2A5-562F51CAFC38}.Release|Any CPU.Build.0 = Release|Any CPU
		{BCA8D509-52F6-4D41-944D-E18815535EF7}.Debug|Any CPU.ActiveCfg = Debug|Any CPU
		{BCA8D509-52F6-4D41-944D-E18815535EF7}.Debug|Any CPU.Build.0 = Debug|Any CPU
		{BCA8D509-52F6-4D41-944D-E18815535EF7}.Release|Any CPU.ActiveCfg = Release|Any CPU
		{BCA8D509-52F6-4D41-944D-E18815535EF7}.Release|Any CPU.Build.0 = Release|Any CPU
		{12B7E09E-9475-E8B4-3992-D8EDE30920DA}.Debug|Any CPU.ActiveCfg = Debug|Any CPU
		{12B7E09E-9475-E8B4-3992-D8EDE30920DA}.Debug|Any CPU.Build.0 = Debug|Any CPU
		{12B7E09E-9475-E8B4-3992-D8EDE30920DA}.Release|Any CPU.ActiveCfg = Release|Any CPU
		{12B7E09E-9475-E8B4-3992-D8EDE30920DA}.Release|Any CPU.Build.0 = Release|Any CPU
	EndGlobalSection
	GlobalSection(SolutionProperties) = preSolution
		HideSolutionNode = FALSE
	EndGlobalSection
	GlobalSection(NestedProjects) = preSolution
		{A66E3D30-295C-44FE-9FA4-2C92C3E1937C} = {DDB4EF12-CC4E-5E88-E6FC-71A802F4DE97}
		{EB11C1AF-3BBE-9D8B-B13B-CEF382F22312} = {DDB4EF12-CC4E-5E88-E6FC-71A802F4DE97}
		{437612B3-A4C0-4BE2-8EFA-C114174A2E81} = {747B6AEE-D122-4144-98EE-23A6B470AE93}
		{0028EC9E-C059-455D-A2A5-562F51CAFC38} = {437612B3-A4C0-4BE2-8EFA-C114174A2E81}
		{37E688B2-2E57-4BD4-A254-C273F4FB788F} = {AFFAF1BD-F8AE-4B60-9E79-C20BF8F5C771}
		{BCA8D509-52F6-4D41-944D-E18815535EF7} = {37E688B2-2E57-4BD4-A254-C273F4FB788F}
		{B6B0F084-F280-4752-9F85-06EAE874ACC1} = {747B6AEE-D122-4144-98EE-23A6B470AE93}
		{12B7E09E-9475-E8B4-3992-D8EDE30920DA} = {B6B0F084-F280-4752-9F85-06EAE874ACC1}
	EndGlobalSection
	GlobalSection(ExtensibilityGlobals) = postSolution
		SolutionGuid = {05EE998D-53A4-45CC-9091-F7DE60DA42EE}
	EndGlobalSection
EndGlobal
