
Microsoft Visual Studio Solution File, Format Version 12.00
# Visual Studio Version 17
VisualStudioVersion = 17.14.36623.8 d17.14
MinimumVisualStudioVersion = 10.0.40219.1
Project("{FAE04EC0-301F-11D3-BF4B-00C04F79EFBC}") = "Sample0413", "Sample0413\Sample0413.csproj", "{99B1C859-5217-40B5-99E5-D791A0F4783B}"
EndProject
Global
	GlobalSection(SolutionConfigurationPlatforms) = preSolution
		Debug|Any CPU = Debug|Any CPU
		Release|Any CPU = Release|Any CPU
	EndGlobalSection
	GlobalSection(ProjectConfigurationPlatforms) = postSolution
		{99B1C859-5217-40B5-99E5-D791A0F4783B}.Debug|Any CPU.ActiveCfg = Debug|Any CPU
		{99B1C859-5217-40B5-99E5-D791A0F4783B}.Debug|Any CPU.Build.0 = Debug|Any CPU
		{99B1C859-5217-40B5-99E5-D791A0F4783B}.Release|Any CPU.ActiveCfg = Release|Any CPU
		{99B1C859-5217-40B5-99E5-D791A0F4783B}.Release|Any CPU.Build.0 = Release|Any CPU
	EndGlobalSection
	GlobalSection(SolutionProperties) = preSolution
		HideSolutionNode = FALSE
	EndGlobalSection
	GlobalSection(ExtensibilityGlobals) = postSolution
		SolutionGuid = {B61155D4-53FD-4D6C-930F-B2581E5B94D7}
	EndGlobalSection
EndGlobal
